{
  "name": "test-install",
  "lockfileVersion": 3,
  "requires": true,
  "packages": {
    "": {
      "dependencies": {
        "@vheins/opencode-9router": "0.4.0"
      }
    },
    "node_modules/@vheins/opencode-9router": {
      "version": "0.4.0",
      "resolved": "https://registry.npmjs.org/@vheins/opencode-9router/-/opencode-9router-0.4.0.tgz",
      "integrity": "sha512-RHCZ5nbyTLfiYZasG3Dq+LrjlHr0Rplt+Hxfi6vA8bogf6iRebdLftD1XJ+fnx6Lyd/UTBzWngtE4/os4nHptA==",
      "license": "MIT"
    }
  }
}
